
Microsoft Visual Studio Solution File, Format Version 12.00
# Visual Studio Version 17
VisualStudioVersion = 17.3.32929.385
MinimumVisualStudioVersion = 10.0.40219.1
Project("{FAE04EC0-301F-11D3-BF4B-00C04F79EFBC}") = "KelimeBulma", "KelimeBulma\KelimeBulma.csproj", "{8C0C7949-71E7-4B2A-B840-047AEBF89FB8}"
EndProject
Global
	GlobalSection(SolutionConfigurationPlatforms) = preSolution
		Debug|Any CPU = Debug|Any CPU
		Release|Any CPU = Release|Any CPU
	EndGlobalSection
	GlobalSection(ProjectConfigurationPlatforms) = postSolution
		{8C0C7949-71E7-4B2A-B840-047AEBF89FB8}.Debug|Any CPU.ActiveCfg = Debug|Any CPU
		{8C0C7949-71E7-4B2A-B840-047AEBF89FB8}.Debug|Any CPU.Build.0 = Debug|Any CPU
		{8C0C7949-71E7-4B2A-B840-047AEBF89FB8}.Release|Any CPU.ActiveCfg = Release|Any CPU
		{8C0C7949-71E7-4B2A-B840-047AEBF89FB8}.Release|Any CPU.Build.0 = Release|Any CPU
	EndGlobalSection
	GlobalSection(SolutionProperties) = preSolution
		HideSolutionNode = FALSE
	EndGlobalSection
	GlobalSection(ExtensibilityGlobals) = postSolution
		SolutionGuid = {8EDFBB75-9455-440C-90A0-88B116CA648F}
	EndGlobalSection
EndGlobal
